{
  "name": "2mains-mail",
  "version": "1.0.0",
  "lockfileVersion": 3,
  "requires": true,
  "packages": {
    "": {
      "name": "2mains-mail",
      "version": "1.0.0",
      "dependencies": {
        "@hono/node-server": "^2.0.5",
        "hono": "^4.12.26",
        "nodemailer": "^9.0.1"
      },
      "engines": {
        "node": ">=22"
      }
    },
    "node_modules/@hono/node-server": {
      "version": "2.0.5",
      "resolved": "https://registry.npmjs.org/@hono/node-server/-/node-server-2.0.5.tgz",
      "integrity": "sha512-yQFvDmyDo3y6rEOJZDUYPJ49DIKTPpIk4kGvm40xx4Ejne0Pu9a1+exxPN+C1UppWK/WGZX9F++/Xs231tE86g==",
      "license": "MIT",
      "engines": {
        "node": ">=20"
      },
      "peerDependencies": {
        "hono": "^4"
      }
    },
    "node_modules/hono": {
      "version": "4.12.26",
      "resolved": "https://registry.npmjs.org/hono/-/hono-4.12.26.tgz",
      "integrity": "sha512-uyZtpnYxM9CmQ7QsQknM4zN8EftNqhON1qYeIKM0Se67CCEe2c44xyGURwB0axX2fBDu1dqHrHAc1hmNT8ITkw==",
      "license": "MIT",
      "engines": {
        "node": ">=16.9.0"
      }
    },
    "node_modules/nodemailer": {
      "version": "9.0.1",
      "resolved": "https://registry.npmjs.org/nodemailer/-/nodemailer-9.0.1.tgz",
      "integrity": "sha512-Gwv8SQewT616ZM/URn0H54b8PWo/Wum7md3EW2aWy1lO27+WZCX+Xyak3J+NlmHUjDh5ME+uesJUDRbR3Ye8Bw==",
      "license": "MIT-0",
      "engines": {
        "node": ">=6.0.0"
      }
    }
  }
}
